// !$*UTF8*$!
{
	archiveVersion = 1;
	classes = {
	};
	objectVersion = 55;
	objects = {

/* Begin PBXBuildFile section */
		AF464E0C270F66AC006B8645 /* HomeProjectsView.swift in Sources */ = {isa = PBXBuildFile; fileRef = AF464E0B270F66AC006B8645 /* HomeProjectsView.swift */; };
		AF464E0E270F78AC006B8645 /* ProjectStepsView.swift in Sources */ = {isa = PBXBuildFile; fileRef = AF464E0D270F78AC006B8645 /* ProjectStepsView.swift */; };
		AF464E10270F7B84006B8645 /* Color+AppColors.swift in Sources */ = {isa = PBXBuildFile; fileRef = AF464E0F270F7B84006B8645 /* Color+AppColors.swift */; };
		AF54235C270F845A000E6C35 /* StepSheetView.swift in Sources */ = {isa = PBXBuildFile; fileRef = AF54235B270F845A000E6C35 /* StepSheetView.swift */; };
		AF54235E270F864D000E6C35 /* RoundedCorners.swift in Sources */ = {isa = PBXBuildFile; fileRef = AF54235D270F864D000E6C35 /* RoundedCorners.swift */; };
		AF542361270F8C06000E6C35 /* Step+helpers.swift in Sources */ = {isa = PBXBuildFile; fileRef = AF542360270F8C06000E6C35 /* Step+helpers.swift */; };
		AF542363270F8C13000E6C35 /* Project+helpers.swift in Sources */ = {isa = PBXBuildFile; fileRef = AF542362270F8C13000E6C35 /* Project+helpers.swift */; };
		AF5CE0BF270D026400BE9D27 /* WIMSApp.swift in Sources */ = {isa = PBXBuildFile; fileRef = AF5CE0BE270D026400BE9D27 /* WIMSApp.swift */; };
		AF5CE0C1270D026400BE9D27 /* ContentView.swift in Sources */ = {isa = PBXBuildFile; fileRef = AF5CE0C0270D026400BE9D27 /* ContentView.swift */; };
		AF5CE0C3270D026600BE9D27 /* Assets.xcassets in Resources */ = {isa = PBXBuildFile; fileRef = AF5CE0C2270D026600BE9D27 /* Assets.xcassets */; };
		AF5CE0C6270D026600BE9D27 /* Preview Assets.xcassets in Resources */ = {isa = PBXBuildFile; fileRef = AF5CE0C5270D026600BE9D27 /* Preview Assets.xcassets */; };
		AF5CE0C8270D026600BE9D27 /* Persistence.swift in Sources */ = {isa = PBXBuildFile; fileRef = AF5CE0C7270D026600BE9D27 /* Persistence.swift */; };
		AF5CE0CB270D026600BE9D27 /* WIMS.xcdatamodeld in Sources */ = {isa = PBXBuildFile; fileRef = AF5CE0C9270D026600BE9D27 /* WIMS.xcdatamodeld */; };
		AF950852270E53F1007018B4 /* ProjectCard.swift in Sources */ = {isa = PBXBuildFile; fileRef = AF950851270E53F1007018B4 /* ProjectCard.swift */; };
		AF950855270E56EF007018B4 /* Shadow.swift in Sources */ = {isa = PBXBuildFile; fileRef = AF950854270E56EF007018B4 /* Shadow.swift */; };
		AF950858270E5748007018B4 /* View+Shadow.swift in Sources */ = {isa = PBXBuildFile; fileRef = AF950857270E5748007018B4 /* View+Shadow.swift */; };
		AF95085A270E5F14007018B4 /* View+If.swift in Sources */ = {isa = PBXBuildFile; fileRef = AF950859270E5F14007018B4 /* View+If.swift */; };
		AF95085C270E621B007018B4 /* ProjectStepRow.swift in Sources */ = {isa = PBXBuildFile; fileRef = AF95085B270E621B007018B4 /* ProjectStepRow.swift */; };
		AF95085E270E6714007018B4 /* StatusCapsule.swift in Sources */ = {isa = PBXBuildFile; fileRef = AF95085D270E6714007018B4 /* StatusCapsule.swift */; };
		AF950861270E680E007018B4 /* Status.swift in Sources */ = {isa = PBXBuildFile; fileRef = AF950860270E680E007018B4 /* Status.swift */; };
		AF950863270E7180007018B4 /* StatusSelector.swift in Sources */ = {isa = PBXBuildFile; fileRef = AF950862270E7180007018B4 /* StatusSelector.swift */; };
		AF950865270E7AEF007018B4 /* SearchBar.swift in Sources */ = {isa = PBXBuildFile; fileRef = AF950864270E7AEF007018B4 /* SearchBar.swift */; };
		AF950867270E8E37007018B4 /* TabBar.swift in Sources */ = {isa = PBXBuildFile; fileRef = AF950866270E8E37007018B4 /* TabBar.swift */; };
		AFAA5F002710846800F3C005 /* ProjectNameAlert.swift in Sources */ = {isa = PBXBuildFile; fileRef = AFAA5EFF2710846800F3C005 /* ProjectNameAlert.swift */; };
		AFAA5F022710AC6700F3C005 /* StepViewModel.swift in Sources */ = {isa = PBXBuildFile; fileRef = AFAA5F012710AC6700F3C005 /* StepViewModel.swift */; };
/* End PBXBuildFile section */

/* Begin PBXFileReference section */
		AF464E0B270F66AC006B8645 /* HomeProjectsView.swift */ = {isa = PBXFileReference; lastKnownFileType = sourcecode.swift; path = HomeProjectsView.swift; sourceTree = "<group>"; };
		AF464E0D270F78AC006B8645 /* ProjectStepsView.swift */ = {isa = PBXFileReference; lastKnownFileType = sourcecode.swift; path = ProjectStepsView.swift; sourceTree = "<group>"; };
		AF464E0F270F7B84006B8645 /* Color+AppColors.swift */ = {isa = PBXFileReference; lastKnownFileType = sourcecode.swift; path = "Color+AppColors.swift"; sourceTree = "<group>"; };
		AF54235B270F845A000E6C35 /* StepSheetView.swift */ = {isa = PBXFileReference; lastKnownFileType = sourcecode.swift; path = StepSheetView.swift; sourceTree = "<group>"; };
		AF54235D270F864D000E6C35 /* RoundedCorners.swift */ = {isa = PBXFileReference; lastKnownFileType = sourcecode.swift; path = RoundedCorners.swift; sourceTree = "<group>"; };
		AF542360270F8C06000E6C35 /* Step+helpers.swift */ = {isa = PBXFileReference; lastKnownFileType = sourcecode.swift; path = "Step+helpers.swift"; sourceTree = "<group>"; };
		AF542362270F8C13000E6C35 /* Project+helpers.swift */ = {isa = PBXFileReference; lastKnownFileType = sourcecode.swift; path = "Project+helpers.swift"; sourceTree = "<group>"; };
		AF5CE0BB270D026400BE9D27 /* WIMS.app */ = {isa = PBXFileReference; explicitFileType = wrapper.application; includeInIndex = 0; path = WIMS.app; sourceTree = BUILT_PRODUCTS_DIR; };
		AF5CE0BE270D026400BE9D27 /* WIMSApp.swift */ = {isa = PBXFileReference; lastKnownFileType = sourcecode.swift; path = WIMSApp.swift; sourceTree = "<group>"; };
		AF5CE0C0270D026400BE9D27 /* ContentView.swift */ = {isa = PBXFileReference; lastKnownFileType = sourcecode.swift; path = ContentView.swift; sourceTree = "<group>"; };
		AF5CE0C2270D026600BE9D27 /* Assets.xcassets */ = {isa = PBXFileReference; lastKnownFileType = folder.assetcatalog; path = Assets.xcassets; sourceTree = "<group>"; };
		AF5CE0C5270D026600BE9D27 /* Preview Assets.xcassets */ = {isa = PBXFileReference; lastKnownFileType = folder.assetcatalog; path = "Preview Assets.xcassets"; sourceTree = "<group>"; };
		AF5CE0C7270D026600BE9D27 /* Persistence.swift */ = {isa = PBXFileReference; lastKnownFileType = sourcecode.swift; path = Persistence.swift; sourceTree = "<group>"; };
		AF5CE0CA270D026600BE9D27 /* WIMS.xcdatamodel */ = {isa = PBXFileReference; lastKnownFileType = wrapper.xcdatamodel; path = WIMS.xcdatamodel; sourceTree = "<group>"; };
		AF950851270E53F1007018B4 /* ProjectCard.swift */ = {isa = PBXFileReference; lastKnownFileType = sourcecode.swift; path = ProjectCard.swift; sourceTree = "<group>"; };
		AF950854270E56EF007018B4 /* Shadow.swift */ = {isa = PBXFileReference; lastKnownFileType = sourcecode.swift; path = Shadow.swift; sourceTree = "<group>"; };
		AF950857270E5748007018B4 /* View+Shadow.swift */ = {isa = PBXFileReference; lastKnownFileType = sourcecode.swift; path = "View+Shadow.swift"; sourceTree = "<group>"; };
		AF950859270E5F14007018B4 /* View+If.swift */ = {isa = PBXFileReference; lastKnownFileType = sourcecode.swift; path = "View+If.swift"; sourceTree = "<group>"; };
		AF95085B270E621B007018B4 /* ProjectStepRow.swift */ = {isa = PBXFileReference; lastKnownFileType = sourcecode.swift; path = ProjectStepRow.swift; sourceTree = "<group>"; };
		AF95085D270E6714007018B4 /* StatusCapsule.swift */ = {isa = PBXFileReference; lastKnownFileType = sourcecode.swift; path = StatusCapsule.swift; sourceTree = "<group>"; };
		AF950860270E680E007018B4 /* Status.swift */ = {isa = PBXFileReference; lastKnownFileType = sourcecode.swift; path = Status.swift; sourceTree = "<group>"; };
		AF950862270E7180007018B4 /* StatusSelector.swift */ = {isa = PBXFileReference; lastKnownFileType = sourcecode.swift; path = StatusSelector.swift; sourceTree = "<group>"; };
		AF950864270E7AEF007018B4 /* SearchBar.swift */ = {isa = PBXFileReference; lastKnownFileType = sourcecode.swift; path = SearchBar.swift; sourceTree = "<group>"; };
		AF950866270E8E37007018B4 /* TabBar.swift */ = {isa = PBXFileReference; lastKnownFileType = sourcecode.swift; path = TabBar.swift; sourceTree = "<group>"; };
		AFAA5EFF2710846800F3C005 /* ProjectNameAlert.swift */ = {isa = PBXFileReference; lastKnownFileType = sourcecode.swift; path = ProjectNameAlert.swift; sourceTree = "<group>"; };
		AFAA5F012710AC6700F3C005 /* StepViewModel.swift */ = {isa = PBXFileReference; lastKnownFileType = sourcecode.swift; path = StepViewModel.swift; sourceTree = "<group>"; };
/* End PBXFileReference section */

/* Begin PBXFrameworksBuildPhase section */
		AF5CE0B8270D026400BE9D27 /* Frameworks */ = {
			isa = PBXFrameworksBuildPhase;
			buildActionMask = 2147483647;
			files = (
			);
			runOnlyForDeploymentPostprocessing = 0;
		};
/* End PBXFrameworksBuildPhase section */

/* Begin PBXGroup section */
		AF54235F270F8BF6000E6C35 /* Models */ = {
			isa = PBXGroup;
			children = (
				AF542360270F8C06000E6C35 /* Step+helpers.swift */,
				AF542362270F8C13000E6C35 /* Project+helpers.swift */,
			);
			path = Models;
			sourceTree = "<group>";
		};
		AF5CE0B2270D026400BE9D27 = {
			isa = PBXGroup;
			children = (
				AF5CE0BD270D026400BE9D27 /* WIMS */,
				AF5CE0BC270D026400BE9D27 /* Products */,
			);
			sourceTree = "<group>";
		};
		AF5CE0BC270D026400BE9D27 /* Products */ = {
			isa = PBXGroup;
			children = (
				AF5CE0BB270D026400BE9D27 /* WIMS.app */,
			);
			name = Products;
			sourceTree = "<group>";
		};
		AF5CE0BD270D026400BE9D27 /* WIMS */ = {
			isa = PBXGroup;
			children = (
				AFAA5F032710AC6A00F3C005 /* ViewModels */,
				AF54235F270F8BF6000E6C35 /* Models */,
				AF95085F270E67FE007018B4 /* Enums */,
				AF950856270E5724007018B4 /* Extensions */,
				AF950850270E53D9007018B4 /* Views */,
				AF5CE0BE270D026400BE9D27 /* WIMSApp.swift */,
				AF5CE0C0270D026400BE9D27 /* ContentView.swift */,
				AF5CE0C2270D026600BE9D27 /* Assets.xcassets */,
				AF5CE0C7270D026600BE9D27 /* Persistence.swift */,
				AF5CE0C9270D026600BE9D27 /* WIMS.xcdatamodeld */,
				AF5CE0C4270D026600BE9D27 /* Preview Content */,
			);
			path = WIMS;
			sourceTree = "<group>";
		};
		AF5CE0C4270D026600BE9D27 /* Preview Content */ = {
			isa = PBXGroup;
			children = (
				AF5CE0C5270D026600BE9D27 /* Preview Assets.xcassets */,
			);
			path = "Preview Content";
			sourceTree = "<group>";
		};
		AF950850270E53D9007018B4 /* Views */ = {
			isa = PBXGroup;
			children = (
				AF950851270E53F1007018B4 /* ProjectCard.swift */,
				AF95085B270E621B007018B4 /* ProjectStepRow.swift */,
				AF95085D270E6714007018B4 /* StatusCapsule.swift */,
				AF950862270E7180007018B4 /* StatusSelector.swift */,
				AF950864270E7AEF007018B4 /* SearchBar.swift */,
				AF950866270E8E37007018B4 /* TabBar.swift */,
				AF464E0B270F66AC006B8645 /* HomeProjectsView.swift */,
				AF464E0D270F78AC006B8645 /* ProjectStepsView.swift */,
				AF54235B270F845A000E6C35 /* StepSheetView.swift */,
				AF54235D270F864D000E6C35 /* RoundedCorners.swift */,
				AFAA5EFF2710846800F3C005 /* ProjectNameAlert.swift */,
			);
			path = Views;
			sourceTree = "<group>";
		};
		AF950853270E56AD007018B4 /* Modifiers */ = {
			isa = PBXGroup;
			children = (
				AF950854270E56EF007018B4 /* Shadow.swift */,
			);
			path = Modifiers;
			sourceTree = "<group>";
		};
		AF950856270E5724007018B4 /* Extensions */ = {
			isa = PBXGroup;
			children = (
				AF950853270E56AD007018B4 /* Modifiers */,
				AF950857270E5748007018B4 /* View+Shadow.swift */,
				AF950859270E5F14007018B4 /* View+If.swift */,
				AF464E0F270F7B84006B8645 /* Color+AppColors.swift */,
			);
			path = Extensions;
			sourceTree = "<group>";
		};
		AF95085F270E67FE007018B4 /* Enums */ = {
			isa = PBXGroup;
			children = (
				AF950860270E680E007018B4 /* Status.swift */,
			);
			path = Enums;
			sourceTree = "<group>";
		};
		AFAA5F032710AC6A00F3C005 /* ViewModels */ = {
			isa = PBXGroup;
			children = (
				AFAA5F012710AC6700F3C005 /* StepViewModel.swift */,
			);
			path = ViewModels;
			sourceTree = "<group>";
		};
/* End PBXGroup section */

/* Begin PBXNativeTarget section */
		AF5CE0BA270D026400BE9D27 /* WIMS */ = {
			isa = PBXNativeTarget;
			buildConfigurationList = AF5CE0CE270D026600BE9D27 /* Build configuration list for PBXNativeTarget "WIMS" */;
			buildPhases = (
				AF5CE0B7270D026400BE9D27 /* Sources */,
				AF5CE0B8270D026400BE9D27 /* Frameworks */,
				AF5CE0B9270D026400BE9D27 /* Resources */,
			);
			buildRules = (
			);
			dependencies = (
			);
			name = WIMS;
			productName = WIMS;
			productReference = AF5CE0BB270D026400BE9D27 /* WIMS.app */;
			productType = "com.apple.product-type.application";
		};
/* End PBXNativeTarget section */

/* Begin PBXProject section */
		AF5CE0B3270D026400BE9D27 /* Project object */ = {
			isa = PBXProject;
			attributes = {
				BuildIndependentTargetsInParallel = 1;
				LastSwiftUpdateCheck = 1300;
				LastUpgradeCheck = 1300;
				TargetAttributes = {
					AF5CE0BA270D026400BE9D27 = {
						CreatedOnToolsVersion = 13.0;
					};
				};
			};
			buildConfigurationList = AF5CE0B6270D026400BE9D27 /* Build configuration list for PBXProject "WIMS" */;
			compatibilityVersion = "Xcode 13.0";
			developmentRegion = en;
			hasScannedForEncodings = 0;
			knownRegions = (
				en,
				Base,
			);
			mainGroup = AF5CE0B2270D026400BE9D27;
			productRefGroup = AF5CE0BC270D026400BE9D27 /* Products */;
			projectDirPath = "";
			projectRoot = "";
			targets = (
				AF5CE0BA270D026400BE9D27 /* WIMS */,
			);
		};
/* End PBXProject section */

/* Begin PBXResourcesBuildPhase section */
		AF5CE0B9270D026400BE9D27 /* Resources */ = {
			isa = PBXResourcesBuildPhase;
			buildActionMask = 2147483647;
			files = (
				AF5CE0C6270D026600BE9D27 /* Preview Assets.xcassets in Resources */,
				AF5CE0C3270D026600BE9D27 /* Assets.xcassets in Resources */,
			);
			runOnlyForDeploymentPostprocessing = 0;
		};
/* End PBXResourcesBuildPhase section */

/* Begin PBXSourcesBuildPhase section */
		AF5CE0B7270D026400BE9D27 /* Sources */ = {
			isa = PBXSourcesBuildPhase;
			buildActionMask = 2147483647;
			files = (
				AF950865270E7AEF007018B4 /* SearchBar.swift in Sources */,
				AF950863270E7180007018B4 /* StatusSelector.swift in Sources */,
				AF464E0E270F78AC006B8645 /* ProjectStepsView.swift in Sources */,
				AF464E0C270F66AC006B8645 /* HomeProjectsView.swift in Sources */,
				AF542363270F8C13000E6C35 /* Project+helpers.swift in Sources */,
				AF5CE0C8270D026600BE9D27 /* Persistence.swift in Sources */,
				AF95085E270E6714007018B4 /* StatusCapsule.swift in Sources */,
				AF95085C270E621B007018B4 /* ProjectStepRow.swift in Sources */,
				AFAA5F022710AC6700F3C005 /* StepViewModel.swift in Sources */,
				AF950858270E5748007018B4 /* View+Shadow.swift in Sources */,
				AF950861270E680E007018B4 /* Status.swift in Sources */,
				AF5CE0CB270D026600BE9D27 /* WIMS.xcdatamodeld in Sources */,
				AF54235C270F845A000E6C35 /* StepSheetView.swift in Sources */,
				AF5CE0C1270D026400BE9D27 /* ContentView.swift in Sources */,
				AF950855270E56EF007018B4 /* Shadow.swift in Sources */,
				AF95085A270E5F14007018B4 /* View+If.swift in Sources */,
				AF5CE0BF270D026400BE9D27 /* WIMSApp.swift in Sources */,
				AF950852270E53F1007018B4 /* ProjectCard.swift in Sources */,
				AF54235E270F864D000E6C35 /* RoundedCorners.swift in Sources */,
				AF950867270E8E37007018B4 /* TabBar.swift in Sources */,
				AFAA5F002710846800F3C005 /* ProjectNameAlert.swift in Sources */,
				AF464E10270F7B84006B8645 /* Color+AppColors.swift in Sources */,
				AF542361270F8C06000E6C35 /* Step+helpers.swift in Sources */,
			);
			runOnlyForDeploymentPostprocessing = 0;
		};
/* End PBXSourcesBuildPhase section */

/* Begin XCBuildConfiguration section */
		AF5CE0CC270D026600BE9D27 /* Debug */ = {
			isa = XCBuildConfiguration;
			buildSettings = {
				ALWAYS_SEARCH_USER_PATHS = NO;
				CLANG_ANALYZER_NONNULL = YES;
				CLANG_ANALYZER_NUMBER_OBJECT_CONVERSION = YES_AGGRESSIVE;
				CLANG_CXX_LANGUAGE_STANDARD = "gnu++17";
				CLANG_CXX_LIBRARY = "libc++";
				CLANG_ENABLE_MODULES = YES;
				CLANG_ENABLE_OBJC_ARC = YES;
				CLANG_ENABLE_OBJC_WEAK = YES;
				CLANG_WARN_BLOCK_CAPTURE_AUTORELEASING = YES;
				CLANG_WARN_BOOL_CONVERSION = YES;
				CLANG_WARN_COMMA = YES;
				CLANG_WARN_CONSTANT_CONVERSION = YES;
				CLANG_WARN_DEPRECATED_OBJC_IMPLEMENTATIONS = YES;
				CLANG_WARN_DIRECT_OBJC_ISA_USAGE = YES_ERROR;
				CLANG_WARN_DOCUMENTATION_COMMENTS = YES;
				CLANG_WARN_EMPTY_BODY = YES;
				CLANG_WARN_ENUM_CONVERSION = YES;
				CLANG_WARN_INFINITE_RECURSION = YES;
				CLANG_WARN_INT_CONVERSION = YES;
				CLANG_WARN_NON_LITERAL_NULL_CONVERSION = YES;
				CLANG_WARN_OBJC_IMPLICIT_RETAIN_SELF = YES;
				CLANG_WARN_OBJC_LITERAL_CONVERSION = YES;
				CLANG_WARN_OBJC_ROOT_CLASS = YES_ERROR;
				CLANG_WARN_QUOTED_INCLUDE_IN_FRAMEWORK_HEADER = YES;
				CLANG_WARN_RANGE_LOOP_ANALYSIS = YES;
				CLANG_WARN_STRICT_PROTOTYPES = YES;
				CLANG_WARN_SUSPICIOUS_MOVE = YES;
				CLANG_WARN_UNGUARDED_AVAILABILITY = YES_AGGRESSIVE;
				CLANG_WARN_UNREACHABLE_CODE = YES;
				CLANG_WARN__DUPLICATE_METHOD_MATCH = YES;
				COPY_PHASE_STRIP = NO;
				DEBUG_INFORMATION_FORMAT = dwarf;
				ENABLE_STRICT_OBJC_MSGSEND = YES;
				ENABLE_TESTABILITY = YES;
				GCC_C_LANGUAGE_STANDARD = gnu11;
				GCC_DYNAMIC_NO_PIC = NO;
				GCC_NO_COMMON_BLOCKS = YES;
				GCC_OPTIMIZATION_LEVEL = 0;
				GCC_PREPROCESSOR_DEFINITIONS = (
					"DEBUG=1",
					"$(inherited)",
				);
				GCC_WARN_64_TO_32_BIT_CONVERSION = YES;
				GCC_WARN_ABOUT_RETURN_TYPE = YES_ERROR;
				GCC_WARN_UNDECLARED_SELECTOR = YES;
				GCC_WARN_UNINITIALIZED_AUTOS = YES_AGGRESSIVE;
				GCC_WARN_UNUSED_FUNCTION = YES;
				GCC_WARN_UNUSED_VARIABLE = YES;
				IPHONEOS_DEPLOYMENT_TARGET = 15.0;
				MTL_ENABLE_DEBUG_INFO = INCLUDE_SOURCE;
				MTL_FAST_MATH = YES;
				ONLY_ACTIVE_ARCH = YES;
				SDKROOT = iphoneos;
				SWIFT_ACTIVE_COMPILATION_CONDITIONS = DEBUG;
				SWIFT_OPTIMIZATION_LEVEL = "-Onone";
			};
			name = Debug;
		};
		AF5CE0CD270D026600BE9D27 /* Release */ = {
			isa = XCBuildConfiguration;
			buildSettings = {
				ALWAYS_SEARCH_USER_PATHS = NO;
				CLANG_ANALYZER_NONNULL = YES;
				CLANG_ANALYZER_NUMBER_OBJECT_CONVERSION = YES_AGGRESSIVE;
				CLANG_CXX_LANGUAGE_STANDARD = "gnu++17";
				CLANG_CXX_LIBRARY = "libc++";
				CLANG_ENABLE_MODULES = YES;
				CLANG_ENABLE_OBJC_ARC = YES;
				CLANG_ENABLE_OBJC_WEAK = YES;
				CLANG_WARN_BLOCK_CAPTURE_AUTORELEASING = YES;
				CLANG_WARN_BOOL_CONVERSION = YES;
				CLANG_WARN_COMMA = YES;
				CLANG_WARN_CONSTANT_CONVERSION = YES;
				CLANG_WARN_DEPRECATED_OBJC_IMPLEMENTATIONS = YES;
				CLANG_WARN_DIRECT_OBJC_ISA_USAGE = YES_ERROR;
				CLANG_WARN_DOCUMENTATION_COMMENTS = YES;
				CLANG_WARN_EMPTY_BODY = YES;
				CLANG_WARN_ENUM_CONVERSION = YES;
				CLANG_WARN_INFINITE_RECURSION = YES;
				CLANG_WARN_INT_CONVERSION = YES;
				CLANG_WARN_NON_LITERAL_NULL_CONVERSION = YES;
				CLANG_WARN_OBJC_IMPLICIT_RETAIN_SELF = YES;
				CLANG_WARN_OBJC_LITERAL_CONVERSION = YES;
				CLANG_WARN_OBJC_ROOT_CLASS = YES_ERROR;
				CLANG_WARN_QUOTED_INCLUDE_IN_FRAMEWORK_HEADER = YES;
				CLANG_WARN_RANGE_LOOP_ANALYSIS = YES;
				CLANG_WARN_STRICT_PROTOTYPES = YES;
				CLANG_WARN_SUSPICIOUS_MOVE = YES;
				CLANG_WARN_UNGUARDED_AVAILABILITY = YES_AGGRESSIVE;
				CLANG_WARN_UNREACHABLE_CODE = YES;
				CLANG_WARN__DUPLICATE_METHOD_MATCH = YES;
				COPY_PHASE_STRIP = NO;
				DEBUG_INFORMATION_FORMAT = "dwarf-with-dsym";
				ENABLE_NS_ASSERTIONS = NO;
				ENABLE_STRICT_OBJC_MSGSEND = YES;
				GCC_C_LANGUAGE_STANDARD = gnu11;
				GCC_NO_COMMON_BLOCKS = YES;
				GCC_WARN_64_TO_32_BIT_CONVERSION = YES;
				GCC_WARN_ABOUT_RETURN_TYPE = YES_ERROR;
				GCC_WARN_UNDECLARED_SELECTOR = YES;
				GCC_WARN_UNINITIALIZED_AUTOS = YES_AGGRESSIVE;
				GCC_WARN_UNUSED_FUNCTION = YES;
				GCC_WARN_UNUSED_VARIABLE = YES;
				IPHONEOS_DEPLOYMENT_TARGET = 15.0;
				MTL_ENABLE_DEBUG_INFO = NO;
				MTL_FAST_MATH = YES;
				SDKROOT = iphoneos;
				SWIFT_COMPILATION_MODE = wholemodule;
				SWIFT_OPTIMIZATION_LEVEL = "-O";
				VALIDATE_PRODUCT = YES;
			};
			name = Release;
		};
		AF5CE0CF270D026600BE9D27 /* Debug */ = {
			isa = XCBuildConfiguration;
			buildSettings = {
				ASSETCATALOG_COMPILER_APPICON_NAME = AppIcon;
				ASSETCATALOG_COMPILER_GLOBAL_ACCENT_COLOR_NAME = AccentColor;
				CODE_SIGN_STYLE = Automatic;
				CURRENT_PROJECT_VERSION = 1;
				DEVELOPMENT_ASSET_PATHS = "\"WIMS/Preview Content\"";
				DEVELOPMENT_TEAM = 3GTJZ8KSTX;
				ENABLE_PREVIEWS = YES;
				GENERATE_INFOPLIST_FILE = YES;
				INFOPLIST_KEY_UIApplicationSceneManifest_Generation = YES;
				INFOPLIST_KEY_UIApplicationSupportsIndirectInputEvents = YES;
				INFOPLIST_KEY_UILaunchScreen_Generation = YES;
				INFOPLIST_KEY_UISupportedInterfaceOrientations_iPad = "UIInterfaceOrientationPortrait UIInterfaceOrientationPortraitUpsideDown UIInterfaceOrientationLandscapeLeft UIInterfaceOrientationLandscapeRight";
				INFOPLIST_KEY_UISupportedInterfaceOrientations_iPhone = "UIInterfaceOrientationPortrait UIInterfaceOrientationLandscapeLeft UIInterfaceOrientationLandscapeRight";
				IPHONEOS_DEPLOYMENT_TARGET = 14.0;
				LD_RUNPATH_SEARCH_PATHS = (
					"$(inherited)",
					"@executable_path/Frameworks",
				);
				MARKETING_VERSION = 1.0;
				PRODUCT_BUNDLE_IDENTIFIER = br.dev.thihxm.WIMS;
				PRODUCT_NAME = "$(TARGET_NAME)";
				SWIFT_EMIT_LOC_STRINGS = YES;
				SWIFT_VERSION = 5.0;
				TARGETED_DEVICE_FAMILY = "1,2";
			};
			name = Debug;
		};
		AF5CE0D0270D026600BE9D27 /* Release */ = {
			isa = XCBuildConfiguration;
			buildSettings = {
				ASSETCATALOG_COMPILER_APPICON_NAME = AppIcon;
				ASSETCATALOG_COMPILER_GLOBAL_ACCENT_COLOR_NAME = AccentColor;
				CODE_SIGN_STYLE = Automatic;
				CURRENT_PROJECT_VERSION = 1;
				DEVELOPMENT_ASSET_PATHS = "\"WIMS/Preview Content\"";
				DEVELOPMENT_TEAM = 3GTJZ8KSTX;
				ENABLE_PREVIEWS = YES;
				GENERATE_INFOPLIST_FILE = YES;
				INFOPLIST_KEY_UIApplicationSceneManifest_Generation = YES;
				INFOPLIST_KEY_UIApplicationSupportsIndirectInputEvents = YES;
				INFOPLIST_KEY_UILaunchScreen_Generation = YES;
				INFOPLIST_KEY_UISupportedInterfaceOrientations_iPad = "UIInterfaceOrientationPortrait UIInterfaceOrientationPortraitUpsideDown UIInterfaceOrientationLandscapeLeft UIInterfaceOrientationLandscapeRight";
				INFOPLIST_KEY_UISupportedInterfaceOrientations_iPhone = "UIInterfaceOrientationPortrait UIInterfaceOrientationLandscapeLeft UIInterfaceOrientationLandscapeRight";
				IPHONEOS_DEPLOYMENT_TARGET = 14.0;
				LD_RUNPATH_SEARCH_PATHS = (
					"$(inherited)",
					"@executable_path/Frameworks",
				);
				MARKETING_VERSION = 1.0;
				PRODUCT_BUNDLE_IDENTIFIER = br.dev.thihxm.WIMS;
				PRODUCT_NAME = "$(TARGET_NAME)";
				SWIFT_EMIT_LOC_STRINGS = YES;
				SWIFT_VERSION = 5.0;
				TARGETED_DEVICE_FAMILY = "1,2";
			};
			name = Release;
		};
/* End XCBuildConfiguration section */

/* Begin XCConfigurationList section */
		AF5CE0B6270D026400BE9D27 /* Build configuration list for PBXProject "WIMS" */ = {
			isa = XCConfigurationList;
			buildConfigurations = (
				AF5CE0CC270D026600BE9D27 /* Debug */,
				AF5CE0CD270D026600BE9D27 /* Release */,
			);
			defaultConfigurationIsVisible = 0;
			defaultConfigurationName = Release;
		};
		AF5CE0CE270D026600BE9D27 /* Build configuration list for PBXNativeTarget "WIMS" */ = {
			isa = XCConfigurationList;
			buildConfigurations = (
				AF5CE0CF270D026600BE9D27 /* Debug */,
				AF5CE0D0270D026600BE9D27 /* Release */,
			);
			defaultConfigurationIsVisible = 0;
			defaultConfigurationName = Release;
		};
/* End XCConfigurationList section */

/* Begin XCVersionGroup section */
		AF5CE0C9270D026600BE9D27 /* WIMS.xcdatamodeld */ = {
			isa = XCVersionGroup;
			children = (
				AF5CE0CA270D026600BE9D27 /* WIMS.xcdatamodel */,
			);
			currentVersion = AF5CE0CA270D026600BE9D27 /* WIMS.xcdatamodel */;
			path = WIMS.xcdatamodeld;
			sourceTree = "<group>";
			versionGroupType = wrapper.xcdatamodel;
		};
/* End XCVersionGroup section */
	};
	rootObject = AF5CE0B3270D026400BE9D27 /* Project object */;
}
